
Microsoft Visual Studio Solution File, Format Version 12.00
# Visual Studio Version 16
VisualStudioVersion = 16.0.31702.278
MinimumVisualStudioVersion = 10.0.40219.1
Project("{FAE04EC0-301F-11D3-BF4B-00C04F79EFBC}") = "while-AND-switches", "while-AND-switches\while-AND-switches.csproj", "{ECC69659-54AD-4EBF-BE89-4297853B3B8B}"
EndProject
Global
	GlobalSection(SolutionConfigurationPlatforms) = preSolution
		Debug|Any CPU = Debug|Any CPU
		Release|Any CPU = Release|Any CPU
	EndGlobalSection
	GlobalSection(ProjectConfigurationPlatforms) = postSolution
		{ECC69659-54AD-4EBF-BE89-4297853B3B8B}.Debug|Any CPU.ActiveCfg = Debug|Any CPU
		{ECC69659-54AD-4EBF-BE89-4297853B3B8B}.Debug|Any CPU.Build.0 = Debug|Any CPU
		{ECC69659-54AD-4EBF-BE89-4297853B3B8B}.Release|Any CPU.ActiveCfg = Release|Any CPU
		{ECC69659-54AD-4EBF-BE89-4297853B3B8B}.Release|Any CPU.Build.0 = Release|Any CPU
	EndGlobalSection
	GlobalSection(SolutionProperties) = preSolution
		HideSolutionNode = FALSE
	EndGlobalSection
	GlobalSection(ExtensibilityGlobals) = postSolution
		SolutionGuid = {E40D5CC5-3D2F-49CE-94DC-60EC285FAF9A}
	EndGlobalSection
EndGlobal
